
Microsoft Visual Studio Solution File, Format Version 12.00
# Visual Studio Version 16
VisualStudioVersion = 16.0.30204.135
MinimumVisualStudioVersion = 10.0.40219.1
Project("{FAE04EC0-301F-11D3-BF4B-00C04F79EFBC}") = "FileSplitter", "FileSplitter\FileSplitter.csproj", "{0D4F4DC7-C274-480F-9DD8-18096B89575A}"
EndProject
Global
	GlobalSection(SolutionConfigurationPlatforms) = preSolution
		Debug|Any CPU = Debug|Any CPU
		Release|Any CPU = Release|Any CPU
	EndGlobalSection
	GlobalSection(ProjectConfigurationPlatforms) = postSolution
		{0D4F4DC7-C274-480F-9DD8-18096B89575A}.Debug|Any CPU.ActiveCfg = Debug|Any CPU
		{0D4F4DC7-C274-480F-9DD8-18096B89575A}.Debug|Any CPU.Build.0 = Debug|Any CPU
		{0D4F4DC7-C274-480F-9DD8-18096B89575A}.Release|Any CPU.ActiveCfg = Release|Any CPU
		{0D4F4DC7-C274-480F-9DD8-18096B89575A}.Release|Any CPU.Build.0 = Release|Any CPU
	EndGlobalSection
	GlobalSection(SolutionProperties) = preSolution
		HideSolutionNode = FALSE
	EndGlobalSection
	GlobalSection(ExtensibilityGlobals) = postSolution
		SolutionGuid = {76B787F8-3D59-4A8B-B58A-D17ACE78D075}
	EndGlobalSection
EndGlobal
